<?xml version="1.0" encoding="utf-8"?>
<Project ToolsVersion="4.0" xmlns="http://schemas.microsoft.com/developer/msbuild/2003">
  <ItemGroup>
    <Filter Include="com">
      <UniqueIdentifier>{65db3520-6f54-4ba1-b93b-7e142489f13d}</UniqueIdentifier>
    </Filter>
    <Filter Include="com\data">
      <UniqueIdentifier>{66cc3009-e6b5-40ad-a1f3-dddf3efb46e1}</UniqueIdentifier>
    </Filter>
    <Filter Include="com\nodes">
      <UniqueIdentifier>{bfa4389c-3954-41f9-91e2-c7220d0052ce}</UniqueIdentifier>
    </Filter>
    <Filter Include="com\data\dataset">
      <UniqueIdentifier>{2f3b9723-5d18-436f-9ef4-8036db12ed60}</UniqueIdentifier>
    </Filter>
    <Filter Include="com\parser">
      <UniqueIdentifier>{3c77b753-61a6-4304-8694-8d4c2f526fbb}</UniqueIdentifier>
    </Filter>
    <Filter Include="com\AI">
      <UniqueIdentifier>{bf40e5b4-df95-4508-ac76-a54100917b19}</UniqueIdentifier>
    </Filter>
    <Filter Include="com\AI\machine_learning">
      <UniqueIdentifier>{f9b9183e-3104-444a-b943-581cbb828083}</UniqueIdentifier>
    </Filter>
    <Filter Include="com\AI\genetic">
      <UniqueIdentifier>{f884c605-afa4-48af-88cf-b6802c20aadd}</UniqueIdentifier>
    </Filter>
    <Filter Include="com\AI\fuzzy">
      <UniqueIdentifier>{fb371d45-91a4-4353-951c-0e75433d376f}</UniqueIdentifier>
    </Filter>
    <Filter Include="com\AI\probabilistic">
      <UniqueIdentifier>{a9da3fe0-dc54-4e40-af71-5051c159fa2d}</UniqueIdentifier>
    </Filter>
    <Filter Include="com\AI\machine_learning\neural_networks">
      <UniqueIdentifier>{65801ff3-34df-4d7b-9d0b-cf77f3337bb7}</UniqueIdentifier>
    </Filter>
    <Filter Include="com\AI\machine_learning\neural_networks\LSTM">
      <UniqueIdentifier>{8bdc1455-361c-45d8-a74a-b584b53b0e9b}</UniqueIdentifier>
    </Filter>
    <Filter Include="com\AI\machine_learning\neural_networks\MLP">
      <UniqueIdentifier>{f3aaf839-f9ef-4653-96e3-78094caaec83}</UniqueIdentifier>
    </Filter>
    <Filter Include="com\AI\machine_learning\reinfocement_learning">
      <UniqueIdentifier>{6085e342-805e-4644-a9ae-ac932ed4461d}</UniqueIdentifier>
    </Filter>
    <Filter Include="TEST">
      <UniqueIdentifier>{de388954-9711-4b50-b542-22c89717929c}</UniqueIdentifier>
    </Filter>
  </ItemGroup>
  <ItemGroup>
    <ClCompile Include="com\networks\mlp\mlp.cpp">
      <Filter>com\AI\machine_learning\neural_networks\MLP</Filter>
    </ClCompile>
    <ClCompile Include="com\data\dataset\DataSet.cpp">
      <Filter>com\data\dataset</Filter>
    </ClCompile>
    <ClCompile Include="main.cpp">
      <Filter>TEST</Filter>
    </ClCompile>
    <ClCompile Include="com\data\dataset\DataSet_2.cpp">
      <Filter>com\data\dataset</Filter>
    </ClCompile>
    <ClCompile Include="com\networks\lstm\lstm.cpp">
      <Filter>com\AI\machine_learning\neural_networks\LSTM</Filter>
    </ClCompile>
    <ClCompile Include="com\data\dataset\DataSet_3.cpp">
      <Filter>com\data\dataset</Filter>
    </ClCompile>
  </ItemGroup>
  <ItemGroup>
    <ClInclude Include="com\networks\mlp\mlp.h">
      <Filter>com\AI\machine_learning\neural_networks\MLP</Filter>
    </ClInclude>
    <ClInclude Include="com\data\dataset\DataSet.h">
      <Filter>com\data\dataset</Filter>
    </ClInclude>
    <ClInclude Include="com\data\dataset\DataSet_2.h">
      <Filter>com\data\dataset</Filter>
    </ClInclude>
    <ClInclude Include="com\networks\lstm\lstm.h">
      <Filter>com\AI\machine_learning\neural_networks\LSTM</Filter>
    </ClInclude>
    <ClInclude Include="com\data\dataset\DataSet_3.h">
      <Filter>com\data\dataset</Filter>
    </ClInclude>
  </ItemGroup>
  <ItemGroup>
    <Text Include="TODO.txt" />
  </ItemGroup>
</Project>