<?xml version="1.0" encoding="utf-8"?>
<Project ToolsVersion="4.0" xmlns="http://schemas.microsoft.com/developer/msbuild/2003">
  <ItemGroup>
    <Filter Include="com">
      <UniqueIdentifier>{65db3520-6f54-4ba1-b93b-7e142489f13d}</UniqueIdentifier>
    </Filter>
    <Filter Include="com\data">
      <UniqueIdentifier>{66cc3009-e6b5-40ad-a1f3-dddf3efb46e1}</UniqueIdentifier>
    </Filter>
    <Filter Include="com\networks">
      <UniqueIdentifier>{bf40e5b4-df95-4508-ac76-a54100917b19}</UniqueIdentifier>
    </Filter>
    <Filter Include="com\nodes">
      <UniqueIdentifier>{bfa4389c-3954-41f9-91e2-c7220d0052ce}</UniqueIdentifier>
    </Filter>
    <Filter Include="com\networks\MLP">
      <UniqueIdentifier>{f3aaf839-f9ef-4653-96e3-78094caaec83}</UniqueIdentifier>
    </Filter>
  </ItemGroup>
</Project>